
Microsoft Visual Studio Solution File, Format Version 12.00
# Visual Studio Version 17
VisualStudioVersion = 17.6.33829.357
MinimumVisualStudioVersion = 10.0.40219.1
Project("{FAE04EC0-301F-11D3-BF4B-00C04F79EFBC}") = "ThreeInRow", "ThreeInRow.csproj", "{87555022-3292-427C-A336-9CC07871B797}"
EndProject
Global
	GlobalSection(SolutionConfigurationPlatforms) = preSolution
		Debug|Any CPU = Debug|Any CPU
		Release|Any CPU = Release|Any CPU
	EndGlobalSection
	GlobalSection(ProjectConfigurationPlatforms) = postSolution
		{87555022-3292-427C-A336-9CC07871B797}.Debug|Any CPU.ActiveCfg = Debug|Any CPU
		{87555022-3292-427C-A336-9CC07871B797}.Debug|Any CPU.Build.0 = Debug|Any CPU
		{87555022-3292-427C-A336-9CC07871B797}.Release|Any CPU.ActiveCfg = Release|Any CPU
		{87555022-3292-427C-A336-9CC07871B797}.Release|Any CPU.Build.0 = Release|Any CPU
	EndGlobalSection
	GlobalSection(SolutionProperties) = preSolution
		HideSolutionNode = FALSE
	EndGlobalSection
	GlobalSection(ExtensibilityGlobals) = postSolution
		SolutionGuid = {82822DF2-206C-430E-A9FC-C4FBDFDD487D}
	EndGlobalSection
EndGlobal
